
Microsoft Visual Studio Solution File, Format Version 12.00
# Visual Studio Version 17
VisualStudioVersion = 17.11.35222.181
MinimumVisualStudioVersion = 10.0.40219.1
Project("{FAE04EC0-301F-11D3-BF4B-00C04F79EFBC}") = "lr_eight", "lr_eight.csproj", "{294E833B-AA55-46B8-9837-2394083863FF}"
EndProject
Global
	GlobalSection(SolutionConfigurationPlatforms) = preSolution
		Debug|Any CPU = Debug|Any CPU
		Release|Any CPU = Release|Any CPU
	EndGlobalSection
	GlobalSection(ProjectConfigurationPlatforms) = postSolution
		{294E833B-AA55-46B8-9837-2394083863FF}.Debug|Any CPU.ActiveCfg = Debug|Any CPU
		{294E833B-AA55-46B8-9837-2394083863FF}.Debug|Any CPU.Build.0 = Debug|Any CPU
		{294E833B-AA55-46B8-9837-2394083863FF}.Release|Any CPU.ActiveCfg = Release|Any CPU
		{294E833B-AA55-46B8-9837-2394083863FF}.Release|Any CPU.Build.0 = Release|Any CPU
	EndGlobalSection
	GlobalSection(SolutionProperties) = preSolution
		HideSolutionNode = FALSE
	EndGlobalSection
	GlobalSection(ExtensibilityGlobals) = postSolution
		SolutionGuid = {87CFC62D-1CE8-46C1-9E6F-A65F5EA01EED}
	EndGlobalSection
EndGlobal
