
Microsoft Visual Studio Solution File, Format Version 12.00
# Visual Studio Version 17
VisualStudioVersion = 17.11.35222.181
MinimumVisualStudioVersion = 10.0.40219.1
Project("{FAE04EC0-301F-11D3-BF4B-00C04F79EFBC}") = "lr_two", "lr_two.csproj", "{E4196A6B-1B0C-4E90-9770-E750F0B8C473}"
EndProject
Global
	GlobalSection(SolutionConfigurationPlatforms) = preSolution
		Debug|Any CPU = Debug|Any CPU
		Release|Any CPU = Release|Any CPU
	EndGlobalSection
	GlobalSection(ProjectConfigurationPlatforms) = postSolution
		{E4196A6B-1B0C-4E90-9770-E750F0B8C473}.Debug|Any CPU.ActiveCfg = Debug|Any CPU
		{E4196A6B-1B0C-4E90-9770-E750F0B8C473}.Debug|Any CPU.Build.0 = Debug|Any CPU
		{E4196A6B-1B0C-4E90-9770-E750F0B8C473}.Release|Any CPU.ActiveCfg = Release|Any CPU
		{E4196A6B-1B0C-4E90-9770-E750F0B8C473}.Release|Any CPU.Build.0 = Release|Any CPU
	EndGlobalSection
	GlobalSection(SolutionProperties) = preSolution
		HideSolutionNode = FALSE
	EndGlobalSection
	GlobalSection(ExtensibilityGlobals) = postSolution
		SolutionGuid = {CAD0C8E4-CF7A-43F9-85C4-67A91C9940DE}
	EndGlobalSection
EndGlobal
