
Microsoft Visual Studio Solution File, Format Version 12.00
# Visual Studio Version 17
VisualStudioVersion = 17.11.35222.181
MinimumVisualStudioVersion = 10.0.40219.1
Project("{FAE04EC0-301F-11D3-BF4B-00C04F79EFBC}") = "lr_three", "lr_three.csproj", "{B623EDE3-AF25-4143-978B-E1EC45456FCE}"
EndProject
Global
	GlobalSection(SolutionConfigurationPlatforms) = preSolution
		Debug|Any CPU = Debug|Any CPU
		Release|Any CPU = Release|Any CPU
	EndGlobalSection
	GlobalSection(ProjectConfigurationPlatforms) = postSolution
		{B623EDE3-AF25-4143-978B-E1EC45456FCE}.Debug|Any CPU.ActiveCfg = Debug|Any CPU
		{B623EDE3-AF25-4143-978B-E1EC45456FCE}.Debug|Any CPU.Build.0 = Debug|Any CPU
		{B623EDE3-AF25-4143-978B-E1EC45456FCE}.Release|Any CPU.ActiveCfg = Release|Any CPU
		{B623EDE3-AF25-4143-978B-E1EC45456FCE}.Release|Any CPU.Build.0 = Release|Any CPU
	EndGlobalSection
	GlobalSection(SolutionProperties) = preSolution
		HideSolutionNode = FALSE
	EndGlobalSection
	GlobalSection(ExtensibilityGlobals) = postSolution
		SolutionGuid = {1616DB2C-0088-4335-A991-D375C341734B}
	EndGlobalSection
EndGlobal
